
Microsoft Visual Studio Solution File, Format Version 12.00
# Visual Studio 15
VisualStudioVersion = 15.0.28307.1169
MinimumVisualStudioVersion = 10.0.40219.1
Project("{8BC9CEB8-8B4A-11D0-8D11-00A0C91BC942}") = "exception-test", "exception-test\exception-test.vcxproj", "{520A1561-FE47-4DAA-BEB6-4F7B01503C0C}"
EndProject
Global
	GlobalSection(SolutionConfigurationPlatforms) = preSolution
		Debug|x64 = Debug|x64
		Debug|x86 = Debug|x86
		Release|x64 = Release|x64
		Release|x86 = Release|x86
	EndGlobalSection
	GlobalSection(ProjectConfigurationPlatforms) = postSolution
		{520A1561-FE47-4DAA-BEB6-4F7B01503C0C}.Debug|x64.ActiveCfg = Debug|x64
		{520A1561-FE47-4DAA-BEB6-4F7B01503C0C}.Debug|x64.Build.0 = Debug|x64
		{520A1561-FE47-4DAA-BEB6-4F7B01503C0C}.Debug|x86.ActiveCfg = Debug|Win32
		{520A1561-FE47-4DAA-BEB6-4F7B01503C0C}.Debug|x86.Build.0 = Debug|Win32
		{520A1561-FE47-4DAA-BEB6-4F7B01503C0C}.Release|x64.ActiveCfg = Release|x64
		{520A1561-FE47-4DAA-BEB6-4F7B01503C0C}.Release|x64.Build.0 = Release|x64
		{520A1561-FE47-4DAA-BEB6-4F7B01503C0C}.Release|x86.ActiveCfg = Release|Win32
		{520A1561-FE47-4DAA-BEB6-4F7B01503C0C}.Release|x86.Build.0 = Release|Win32
	EndGlobalSection
	GlobalSection(SolutionProperties) = preSolution
		HideSolutionNode = FALSE
	EndGlobalSection
	GlobalSection(ExtensibilityGlobals) = postSolution
		SolutionGuid = {962CF7DF-E90F-4B43-B519-C1B085AB58D9}
	EndGlobalSection
EndGlobal
